
Microsoft Visual Studio Solution File, Format Version 12.00
# Visual Studio Version 17
VisualStudioVersion = 17.0.31903.59
MinimumVisualStudioVersion = 10.0.40219.1
Project("{FAE04EC0-301F-11D3-BF4B-00C04F79EFBC}") = "HerbertLang", "HerbertLang\HerbertLang.csproj", "{03D9B640-54A5-48DA-B6E7-63E5F28CA38D}"
EndProject
Project("{FAE04EC0-301F-11D3-BF4B-00C04F79EFBC}") = "HerbertLang.Tests", "HerbertLang.Tests\HerbertLang.Tests.csproj", "{3113C503-DDD2-42D1-AC5D-C5F0B52DE54D}"
EndProject
Global
	GlobalSection(SolutionConfigurationPlatforms) = preSolution
		Debug|Any CPU = Debug|Any CPU
		Release|Any CPU = Release|Any CPU
	EndGlobalSection
	GlobalSection(SolutionProperties) = preSolution
		HideSolutionNode = FALSE
	EndGlobalSection
	GlobalSection(ProjectConfigurationPlatforms) = postSolution
		{03D9B640-54A5-48DA-B6E7-63E5F28CA38D}.Debug|Any CPU.ActiveCfg = Debug|Any CPU
		{03D9B640-54A5-48DA-B6E7-63E5F28CA38D}.Debug|Any CPU.Build.0 = Debug|Any CPU
		{03D9B640-54A5-48DA-B6E7-63E5F28CA38D}.Release|Any CPU.ActiveCfg = Release|Any CPU
		{03D9B640-54A5-48DA-B6E7-63E5F28CA38D}.Release|Any CPU.Build.0 = Release|Any CPU
		{3113C503-DDD2-42D1-AC5D-C5F0B52DE54D}.Debug|Any CPU.ActiveCfg = Debug|Any CPU
		{3113C503-DDD2-42D1-AC5D-C5F0B52DE54D}.Debug|Any CPU.Build.0 = Debug|Any CPU
		{3113C503-DDD2-42D1-AC5D-C5F0B52DE54D}.Release|Any CPU.ActiveCfg = Release|Any CPU
		{3113C503-DDD2-42D1-AC5D-C5F0B52DE54D}.Release|Any CPU.Build.0 = Release|Any CPU
	EndGlobalSection
EndGlobal
